
Microsoft Visual Studio Solution File, Format Version 12.00
# Visual Studio 2013
VisualStudioVersion = 12.0.40629.0
MinimumVisualStudioVersion = 10.0.40219.1
Project("{FAE04EC0-301F-11D3-BF4B-00C04F79EFBC}") = "HouseInfo.ExcelHandler", "HouseInfo.ExcelHandler\HouseInfo.ExcelHandler.csproj", "{16E1F677-1609-42BA-8CD8-92EAEE011EDD}"
EndProject
Project("{FAE04EC0-301F-11D3-BF4B-00C04F79EFBC}") = "HouseInfo.UserApp", "HouseInfo.UserApp\HouseInfo.UserApp.csproj", "{B9B4038E-7699-429B-8BD6-EB836830EB50}"
EndProject
Global
	GlobalSection(SolutionConfigurationPlatforms) = preSolution
		Debug|Any CPU = Debug|Any CPU
		Release|Any CPU = Release|Any CPU
	EndGlobalSection
	GlobalSection(ProjectConfigurationPlatforms) = postSolution
		{16E1F677-1609-42BA-8CD8-92EAEE011EDD}.Debug|Any CPU.ActiveCfg = Debug|Any CPU
		{16E1F677-1609-42BA-8CD8-92EAEE011EDD}.Debug|Any CPU.Build.0 = Debug|Any CPU
		{16E1F677-1609-42BA-8CD8-92EAEE011EDD}.Release|Any CPU.ActiveCfg = Release|Any CPU
		{16E1F677-1609-42BA-8CD8-92EAEE011EDD}.Release|Any CPU.Build.0 = Release|Any CPU
		{B9B4038E-7699-429B-8BD6-EB836830EB50}.Debug|Any CPU.ActiveCfg = Debug|Any CPU
		{B9B4038E-7699-429B-8BD6-EB836830EB50}.Debug|Any CPU.Build.0 = Debug|Any CPU
		{B9B4038E-7699-429B-8BD6-EB836830EB50}.Release|Any CPU.ActiveCfg = Release|Any CPU
		{B9B4038E-7699-429B-8BD6-EB836830EB50}.Release|Any CPU.Build.0 = Release|Any CPU
	EndGlobalSection
	GlobalSection(SolutionProperties) = preSolution
		HideSolutionNode = FALSE
	EndGlobalSection
EndGlobal
